
Microsoft Visual Studio Solution File, Format Version 12.00
# Visual Studio 15
VisualStudioVersion = 15.0.26124.0
MinimumVisualStudioVersion = 15.0.26124.0
Project("{2150E333-8FDC-42A3-9474-1A3956D46DE8}") = "src", "src", "{2AE37C7A-384C-45FD-A80F-433BC1792EE4}"
EndProject
Project("{FAE04EC0-301F-11D3-BF4B-00C04F79EFBC}") = "Lively", "src\Lively\Lively.csproj", "{D5E1756A-AA1D-46AE-9831-2B13D9D596D2}"
EndProject
Project("{FAE04EC0-301F-11D3-BF4B-00C04F79EFBC}") = "Lively.Console", "src\Lively.Console\Lively.Console.csproj", "{AA7959B3-489A-44E0-9561-AEE2468C7411}"
EndProject
Project("{FAE04EC0-301F-11D3-BF4B-00C04F79EFBC}") = "Lively.Tests", "src\Lively.Tests\Lively.Tests.csproj", "{8A5A0652-6588-4E60-9DD1-7DD9FB51A26B}"
EndProject
Project("{FAE04EC0-301F-11D3-BF4B-00C04F79EFBC}") = "Lively.Diagrams", "src\Lively.Diagrams\Lively.Diagrams.csproj", "{5A7D59D5-6248-4865-BFCC-54D0D546BD99}"
EndProject
Project("{FAE04EC0-301F-11D3-BF4B-00C04F79EFBC}") = "Lively.Console.Tests", "src\Lively.Console.Tests\Lively.Console.Tests.csproj", "{AAC202F7-5A4E-40C3-8B9E-D7964F02042E}"
EndProject
Project("{FAE04EC0-301F-11D3-BF4B-00C04F79EFBC}") = "Lively.Diagrams.Tests", "src\Lively.Diagrams.Tests\Lively.Diagrams.Tests.csproj", "{22D89BBC-8F37-434A-839E-8226363D7A7C}"
EndProject
Global
	GlobalSection(SolutionConfigurationPlatforms) = preSolution
		Debug|Any CPU = Debug|Any CPU
		Debug|x64 = Debug|x64
		Debug|x86 = Debug|x86
		Release|Any CPU = Release|Any CPU
		Release|x64 = Release|x64
		Release|x86 = Release|x86
	EndGlobalSection
	GlobalSection(SolutionProperties) = preSolution
		HideSolutionNode = FALSE
	EndGlobalSection
	GlobalSection(ProjectConfigurationPlatforms) = postSolution
		{D5E1756A-AA1D-46AE-9831-2B13D9D596D2}.Debug|Any CPU.ActiveCfg = Debug|Any CPU
		{D5E1756A-AA1D-46AE-9831-2B13D9D596D2}.Debug|Any CPU.Build.0 = Debug|Any CPU
		{D5E1756A-AA1D-46AE-9831-2B13D9D596D2}.Debug|x64.ActiveCfg = Debug|Any CPU
		{D5E1756A-AA1D-46AE-9831-2B13D9D596D2}.Debug|x64.Build.0 = Debug|Any CPU
		{D5E1756A-AA1D-46AE-9831-2B13D9D596D2}.Debug|x86.ActiveCfg = Debug|Any CPU
		{D5E1756A-AA1D-46AE-9831-2B13D9D596D2}.Debug|x86.Build.0 = Debug|Any CPU
		{D5E1756A-AA1D-46AE-9831-2B13D9D596D2}.Release|Any CPU.ActiveCfg = Release|Any CPU
		{D5E1756A-AA1D-46AE-9831-2B13D9D596D2}.Release|Any CPU.Build.0 = Release|Any CPU
		{D5E1756A-AA1D-46AE-9831-2B13D9D596D2}.Release|x64.ActiveCfg = Release|Any CPU
		{D5E1756A-AA1D-46AE-9831-2B13D9D596D2}.Release|x64.Build.0 = Release|Any CPU
		{D5E1756A-AA1D-46AE-9831-2B13D9D596D2}.Release|x86.ActiveCfg = Release|Any CPU
		{D5E1756A-AA1D-46AE-9831-2B13D9D596D2}.Release|x86.Build.0 = Release|Any CPU
		{AA7959B3-489A-44E0-9561-AEE2468C7411}.Debug|Any CPU.ActiveCfg = Debug|Any CPU
		{AA7959B3-489A-44E0-9561-AEE2468C7411}.Debug|Any CPU.Build.0 = Debug|Any CPU
		{AA7959B3-489A-44E0-9561-AEE2468C7411}.Debug|x64.ActiveCfg = Debug|Any CPU
		{AA7959B3-489A-44E0-9561-AEE2468C7411}.Debug|x64.Build.0 = Debug|Any CPU
		{AA7959B3-489A-44E0-9561-AEE2468C7411}.Debug|x86.ActiveCfg = Debug|Any CPU
		{AA7959B3-489A-44E0-9561-AEE2468C7411}.Debug|x86.Build.0 = Debug|Any CPU
		{AA7959B3-489A-44E0-9561-AEE2468C7411}.Release|Any CPU.ActiveCfg = Release|Any CPU
		{AA7959B3-489A-44E0-9561-AEE2468C7411}.Release|Any CPU.Build.0 = Release|Any CPU
		{AA7959B3-489A-44E0-9561-AEE2468C7411}.Release|x64.ActiveCfg = Release|Any CPU
		{AA7959B3-489A-44E0-9561-AEE2468C7411}.Release|x64.Build.0 = Release|Any CPU
		{AA7959B3-489A-44E0-9561-AEE2468C7411}.Release|x86.ActiveCfg = Release|Any CPU
		{AA7959B3-489A-44E0-9561-AEE2468C7411}.Release|x86.Build.0 = Release|Any CPU
		{8A5A0652-6588-4E60-9DD1-7DD9FB51A26B}.Debug|Any CPU.ActiveCfg = Debug|Any CPU
		{8A5A0652-6588-4E60-9DD1-7DD9FB51A26B}.Debug|Any CPU.Build.0 = Debug|Any CPU
		{8A5A0652-6588-4E60-9DD1-7DD9FB51A26B}.Debug|x64.ActiveCfg = Debug|Any CPU
		{8A5A0652-6588-4E60-9DD1-7DD9FB51A26B}.Debug|x64.Build.0 = Debug|Any CPU
		{8A5A0652-6588-4E60-9DD1-7DD9FB51A26B}.Debug|x86.ActiveCfg = Debug|Any CPU
		{8A5A0652-6588-4E60-9DD1-7DD9FB51A26B}.Debug|x86.Build.0 = Debug|Any CPU
		{8A5A0652-6588-4E60-9DD1-7DD9FB51A26B}.Release|Any CPU.ActiveCfg = Release|Any CPU
		{8A5A0652-6588-4E60-9DD1-7DD9FB51A26B}.Release|Any CPU.Build.0 = Release|Any CPU
		{8A5A0652-6588-4E60-9DD1-7DD9FB51A26B}.Release|x64.ActiveCfg = Release|Any CPU
		{8A5A0652-6588-4E60-9DD1-7DD9FB51A26B}.Release|x64.Build.0 = Release|Any CPU
		{8A5A0652-6588-4E60-9DD1-7DD9FB51A26B}.Release|x86.ActiveCfg = Release|Any CPU
		{8A5A0652-6588-4E60-9DD1-7DD9FB51A26B}.Release|x86.Build.0 = Release|Any CPU
		{5A7D59D5-6248-4865-BFCC-54D0D546BD99}.Debug|Any CPU.ActiveCfg = Debug|Any CPU
		{5A7D59D5-6248-4865-BFCC-54D0D546BD99}.Debug|Any CPU.Build.0 = Debug|Any CPU
		{5A7D59D5-6248-4865-BFCC-54D0D546BD99}.Debug|x64.ActiveCfg = Debug|Any CPU
		{5A7D59D5-6248-4865-BFCC-54D0D546BD99}.Debug|x64.Build.0 = Debug|Any CPU
		{5A7D59D5-6248-4865-BFCC-54D0D546BD99}.Debug|x86.ActiveCfg = Debug|Any CPU
		{5A7D59D5-6248-4865-BFCC-54D0D546BD99}.Debug|x86.Build.0 = Debug|Any CPU
		{5A7D59D5-6248-4865-BFCC-54D0D546BD99}.Release|Any CPU.ActiveCfg = Release|Any CPU
		{5A7D59D5-6248-4865-BFCC-54D0D546BD99}.Release|Any CPU.Build.0 = Release|Any CPU
		{5A7D59D5-6248-4865-BFCC-54D0D546BD99}.Release|x64.ActiveCfg = Release|Any CPU
		{5A7D59D5-6248-4865-BFCC-54D0D546BD99}.Release|x64.Build.0 = Release|Any CPU
		{5A7D59D5-6248-4865-BFCC-54D0D546BD99}.Release|x86.ActiveCfg = Release|Any CPU
		{5A7D59D5-6248-4865-BFCC-54D0D546BD99}.Release|x86.Build.0 = Release|Any CPU
		{AAC202F7-5A4E-40C3-8B9E-D7964F02042E}.Debug|Any CPU.ActiveCfg = Debug|Any CPU
		{AAC202F7-5A4E-40C3-8B9E-D7964F02042E}.Debug|Any CPU.Build.0 = Debug|Any CPU
		{AAC202F7-5A4E-40C3-8B9E-D7964F02042E}.Debug|x64.ActiveCfg = Debug|Any CPU
		{AAC202F7-5A4E-40C3-8B9E-D7964F02042E}.Debug|x64.Build.0 = Debug|Any CPU
		{AAC202F7-5A4E-40C3-8B9E-D7964F02042E}.Debug|x86.ActiveCfg = Debug|Any CPU
		{AAC202F7-5A4E-40C3-8B9E-D7964F02042E}.Debug|x86.Build.0 = Debug|Any CPU
		{AAC202F7-5A4E-40C3-8B9E-D7964F02042E}.Release|Any CPU.ActiveCfg = Release|Any CPU
		{AAC202F7-5A4E-40C3-8B9E-D7964F02042E}.Release|Any CPU.Build.0 = Release|Any CPU
		{AAC202F7-5A4E-40C3-8B9E-D7964F02042E}.Release|x64.ActiveCfg = Release|Any CPU
		{AAC202F7-5A4E-40C3-8B9E-D7964F02042E}.Release|x64.Build.0 = Release|Any CPU
		{AAC202F7-5A4E-40C3-8B9E-D7964F02042E}.Release|x86.ActiveCfg = Release|Any CPU
		{AAC202F7-5A4E-40C3-8B9E-D7964F02042E}.Release|x86.Build.0 = Release|Any CPU
		{22D89BBC-8F37-434A-839E-8226363D7A7C}.Debug|Any CPU.ActiveCfg = Debug|Any CPU
		{22D89BBC-8F37-434A-839E-8226363D7A7C}.Debug|Any CPU.Build.0 = Debug|Any CPU
		{22D89BBC-8F37-434A-839E-8226363D7A7C}.Debug|x64.ActiveCfg = Debug|Any CPU
		{22D89BBC-8F37-434A-839E-8226363D7A7C}.Debug|x64.Build.0 = Debug|Any CPU
		{22D89BBC-8F37-434A-839E-8226363D7A7C}.Debug|x86.ActiveCfg = Debug|Any CPU
		{22D89BBC-8F37-434A-839E-8226363D7A7C}.Debug|x86.Build.0 = Debug|Any CPU
		{22D89BBC-8F37-434A-839E-8226363D7A7C}.Release|Any CPU.ActiveCfg = Release|Any CPU
		{22D89BBC-8F37-434A-839E-8226363D7A7C}.Release|Any CPU.Build.0 = Release|Any CPU
		{22D89BBC-8F37-434A-839E-8226363D7A7C}.Release|x64.ActiveCfg = Release|Any CPU
		{22D89BBC-8F37-434A-839E-8226363D7A7C}.Release|x64.Build.0 = Release|Any CPU
		{22D89BBC-8F37-434A-839E-8226363D7A7C}.Release|x86.ActiveCfg = Release|Any CPU
		{22D89BBC-8F37-434A-839E-8226363D7A7C}.Release|x86.Build.0 = Release|Any CPU
	EndGlobalSection
	GlobalSection(NestedProjects) = preSolution
		{D5E1756A-AA1D-46AE-9831-2B13D9D596D2} = {2AE37C7A-384C-45FD-A80F-433BC1792EE4}
		{AA7959B3-489A-44E0-9561-AEE2468C7411} = {2AE37C7A-384C-45FD-A80F-433BC1792EE4}
		{8A5A0652-6588-4E60-9DD1-7DD9FB51A26B} = {2AE37C7A-384C-45FD-A80F-433BC1792EE4}
		{5A7D59D5-6248-4865-BFCC-54D0D546BD99} = {2AE37C7A-384C-45FD-A80F-433BC1792EE4}
		{AAC202F7-5A4E-40C3-8B9E-D7964F02042E} = {2AE37C7A-384C-45FD-A80F-433BC1792EE4}
		{22D89BBC-8F37-434A-839E-8226363D7A7C} = {2AE37C7A-384C-45FD-A80F-433BC1792EE4}
	EndGlobalSection
EndGlobal
